{
  "name": "@verdaccio/types",
  "version": "2.2.2",
  "lockfileVersion": 1,
  "requires": true,
  "dependencies": {
    "flow-bin": {
      "version": "0.70.0",
      "resolved": "https://registry.npmjs.org/flow-bin/-/flow-bin-0.70.0.tgz",
      "integrity": "sha1-CAroOpl/K03bPcJkm/EzNoJSkrU=",
      "dev": true
    }
  }
}
