{
  "name": "@verdaccio/types",
  "version": "0.3.1",
  "lockfileVersion": 1,
  "requires": true,
  "dependencies": {
    "flow-bin": {
      "version": "0.63.1",
      "resolved": "https://registry.npmjs.org/flow-bin/-/flow-bin-0.63.1.tgz",
      "integrity": "sha512-aWKHYs3UECgpwrIDVUiABjSC8dgaKmonymQDWO+6FhGcp9lnnxdDBE6Sfm3F7YaRPfLYsWAY4lndBrfrfyn+9g==",
      "dev": true
    }
  }
}
